<?xml version="1.0" encoding="utf-8"?>
<Project ToolsVersion="4.0" xmlns="http://schemas.microsoft.com/developer/msbuild/2003">
  <ItemGroup>
    <Filter Include="源文件">
      <UniqueIdentifier>{4FC737F1-C7A5-4376-A066-2A32D752A2FF}</UniqueIdentifier>
      <Extensions>cpp;c;cc;cxx;def;odl;idl;hpj;bat;asm;asmx</Extensions>
    </Filter>
    <Filter Include="头文件">
      <UniqueIdentifier>{93995380-89BD-4b04-88EB-625FBE52EBFB}</UniqueIdentifier>
      <Extensions>h;hh;hpp;hxx;hm;inl;inc;xsd</Extensions>
    </Filter>
    <Filter Include="资源文件">
      <UniqueIdentifier>{67DA6AB6-F800-4c08-8B7A-83BB121AAD01}</UniqueIdentifier>
      <Extensions>rc;ico;cur;bmp;dlg;rc2;rct;bin;rgs;gif;jpg;jpeg;jpe;resx;tiff;tif;png;wav;mfcribbon-ms</Extensions>
    </Filter>
    <Filter Include="源文件\pb">
      <UniqueIdentifier>{df1cef78-e6ea-475a-b6bc-58ae797064b9}</UniqueIdentifier>
    </Filter>
    <Filter Include="源文件\pb\proto">
      <UniqueIdentifier>{d02ea2f5-ff9e-4e6f-abeb-5c3202e789c8}</UniqueIdentifier>
    </Filter>
    <Filter Include="源文件\pb\src">
      <UniqueIdentifier>{18aa5ef7-bb24-4a3e-a148-6c7507db05a4}</UniqueIdentifier>
    </Filter>
  </ItemGroup>
  <ItemGroup>
    <ClCompile Include="pb\src\Notify.pb.cc">
      <Filter>源文件\pb\src</Filter>
    </ClCompile>
    <ClCompile Include="pb\src\Qot_Common.pb.cc">
      <Filter>源文件\pb\src</Filter>
    </ClCompile>
    <ClCompile Include="pb\src\Qot_GetBasicQot.pb.cc">
      <Filter>源文件\pb\src</Filter>
    </ClCompile>
    <ClCompile Include="pb\src\Qot_GetBroker.pb.cc">
      <Filter>源文件\pb\src</Filter>
    </ClCompile>
    <ClCompile Include="pb\src\Qot_GetHistoryKL.pb.cc">
      <Filter>源文件\pb\src</Filter>
    </ClCompile>
    <ClCompile Include="pb\src\Qot_GetHistoryKLPoints.pb.cc">
      <Filter>源文件\pb\src</Filter>
    </ClCompile>
    <ClCompile Include="pb\src\Qot_GetKL.pb.cc">
      <Filter>源文件\pb\src</Filter>
    </ClCompile>
    <ClCompile Include="pb\src\Qot_GetOrderBook.pb.cc">
      <Filter>源文件\pb\src</Filter>
    </ClCompile>
    <ClCompile Include="pb\src\Qot_GetPlateSecurity.pb.cc">
      <Filter>源文件\pb\src</Filter>
    </ClCompile>
    <ClCompile Include="pb\src\Qot_GetPlateSet.pb.cc">
      <Filter>源文件\pb\src</Filter>
    </ClCompile>
    <ClCompile Include="pb\src\Qot_GetReference.pb.cc">
      <Filter>源文件\pb\src</Filter>
    </ClCompile>
    <ClCompile Include="pb\src\Qot_GetRehab.pb.cc">
      <Filter>源文件\pb\src</Filter>
    </ClCompile>
    <ClCompile Include="pb\src\Qot_GetRT.pb.cc">
      <Filter>源文件\pb\src</Filter>
    </ClCompile>
    <ClCompile Include="pb\src\Qot_GetSecuritySnapshot.pb.cc">
      <Filter>源文件\pb\src</Filter>
    </ClCompile>
    <ClCompile Include="pb\src\Qot_GetStaticInfo.pb.cc">
      <Filter>源文件\pb\src</Filter>
    </ClCompile>
    <ClCompile Include="pb\src\Qot_GetSubInfo.pb.cc">
      <Filter>源文件\pb\src</Filter>
    </ClCompile>
    <ClCompile Include="pb\src\Qot_GetSuspend.pb.cc">
      <Filter>源文件\pb\src</Filter>
    </ClCompile>
    <ClCompile Include="pb\src\Qot_GetTicker.pb.cc">
      <Filter>源文件\pb\src</Filter>
    </ClCompile>
    <ClCompile Include="pb\src\Qot_GetTradeDate.pb.cc">
      <Filter>源文件\pb\src</Filter>
    </ClCompile>
    <ClCompile Include="pb\src\Qot_RegQotPush.pb.cc">
      <Filter>源文件\pb\src</Filter>
    </ClCompile>
    <ClCompile Include="pb\src\Qot_Sub.pb.cc">
      <Filter>源文件\pb\src</Filter>
    </ClCompile>
    <ClCompile Include="pb\src\Qot_UpdateBasicQot.pb.cc">
      <Filter>源文件\pb\src</Filter>
    </ClCompile>
    <ClCompile Include="pb\src\Qot_UpdateBroker.pb.cc">
      <Filter>源文件\pb\src</Filter>
    </ClCompile>
    <ClCompile Include="pb\src\Qot_UpdateKL.pb.cc">
      <Filter>源文件\pb\src</Filter>
    </ClCompile>
    <ClCompile Include="pb\src\Qot_UpdateOrderBook.pb.cc">
      <Filter>源文件\pb\src</Filter>
    </ClCompile>
    <ClCompile Include="pb\src\Qot_UpdateRT.pb.cc">
      <Filter>源文件\pb\src</Filter>
    </ClCompile>
    <ClCompile Include="pb\src\Qot_UpdateTicker.pb.cc">
      <Filter>源文件\pb\src</Filter>
    </ClCompile>
    <ClCompile Include="pb\src\Trd_Common.pb.cc">
      <Filter>源文件\pb\src</Filter>
    </ClCompile>
    <ClCompile Include="pb\src\Trd_GetAccList.pb.cc">
      <Filter>源文件\pb\src</Filter>
    </ClCompile>
    <ClCompile Include="pb\src\Trd_GetFunds.pb.cc">
      <Filter>源文件\pb\src</Filter>
    </ClCompile>
    <ClCompile Include="pb\src\Trd_GetHistoryOrderFillList.pb.cc">
      <Filter>源文件\pb\src</Filter>
    </ClCompile>
    <ClCompile Include="pb\src\Trd_GetHistoryOrderList.pb.cc">
      <Filter>源文件\pb\src</Filter>
    </ClCompile>
    <ClCompile Include="pb\src\Trd_GetMaxTrdQtys.pb.cc">
      <Filter>源文件\pb\src</Filter>
    </ClCompile>
    <ClCompile Include="pb\src\Trd_GetOrderFillList.pb.cc">
      <Filter>源文件\pb\src</Filter>
    </ClCompile>
    <ClCompile Include="pb\src\Trd_GetOrderList.pb.cc">
      <Filter>源文件\pb\src</Filter>
    </ClCompile>
    <ClCompile Include="pb\src\Trd_GetPositionList.pb.cc">
      <Filter>源文件\pb\src</Filter>
    </ClCompile>
    <ClCompile Include="pb\src\Trd_ModifyOrder.pb.cc">
      <Filter>源文件\pb\src</Filter>
    </ClCompile>
    <ClCompile Include="pb\src\Trd_Notify.pb.cc">
      <Filter>源文件\pb\src</Filter>
    </ClCompile>
    <ClCompile Include="pb\src\Trd_PlaceOrder.pb.cc">
      <Filter>源文件\pb\src</Filter>
    </ClCompile>
    <ClCompile Include="pb\src\Trd_ReconfirmOrder.pb.cc">
      <Filter>源文件\pb\src</Filter>
    </ClCompile>
    <ClCompile Include="pb\src\Trd_SubAccPush.pb.cc">
      <Filter>源文件\pb\src</Filter>
    </ClCompile>
    <ClCompile Include="pb\src\Trd_UnlockTrade.pb.cc">
      <Filter>源文件\pb\src</Filter>
    </ClCompile>
    <ClCompile Include="pb\src\Trd_UpdateOrder.pb.cc">
      <Filter>源文件\pb\src</Filter>
    </ClCompile>
    <ClCompile Include="pb\src\Trd_UpdateOrderFill.pb.cc">
      <Filter>源文件\pb\src</Filter>
    </ClCompile>
    <ClCompile Include="pb\src\Common.pb.cc">
      <Filter>源文件\pb\src</Filter>
    </ClCompile>
    <ClCompile Include="pb\src\GetGlobalState.pb.cc">
      <Filter>源文件\pb\src</Filter>
    </ClCompile>
    <ClCompile Include="pb\src\InitConnect.pb.cc">
      <Filter>源文件\pb\src</Filter>
    </ClCompile>
    <ClCompile Include="pb\src\KeepAlive.pb.cc">
      <Filter>源文件\pb\src</Filter>
    </ClCompile>
    <ClCompile Include="QuoteHandler.cpp">
      <Filter>源文件</Filter>
    </ClCompile>
    <ClCompile Include="SHA1.cpp">
      <Filter>源文件</Filter>
    </ClCompile>
    <ClCompile Include="TcpConnect.cpp">
      <Filter>源文件</Filter>
    </ClCompile>
    <ClCompile Include="main.cpp">
      <Filter>源文件</Filter>
    </ClCompile>
    <ClCompile Include="NetCenter.cpp">
      <Filter>源文件</Filter>
    </ClCompile>
    <ClCompile Include="Common.cpp">
      <Filter>源文件</Filter>
    </ClCompile>
    <ClCompile Include="DebugLog.cpp">
      <Filter>源文件</Filter>
    </ClCompile>
    <ClCompile Include="myrsa.cpp">
      <Filter>源文件</Filter>
    </ClCompile>
    <ClCompile Include="myaes.cpp">
      <Filter>源文件</Filter>
    </ClCompile>
    <ClCompile Include="Buffer.cpp">
      <Filter>源文件</Filter>
    </ClCompile>
  </ItemGroup>
  <ItemGroup>
    <ClInclude Include="pb\src\Notify.pb.h">
      <Filter>源文件\pb\src</Filter>
    </ClInclude>
    <ClInclude Include="pb\src\Qot_Common.pb.h">
      <Filter>源文件\pb\src</Filter>
    </ClInclude>
    <ClInclude Include="pb\src\Qot_GetBasicQot.pb.h">
      <Filter>源文件\pb\src</Filter>
    </ClInclude>
    <ClInclude Include="pb\src\Qot_GetBroker.pb.h">
      <Filter>源文件\pb\src</Filter>
    </ClInclude>
    <ClInclude Include="pb\src\Qot_GetHistoryKL.pb.h">
      <Filter>源文件\pb\src</Filter>
    </ClInclude>
    <ClInclude Include="pb\src\Qot_GetHistoryKLPoints.pb.h">
      <Filter>源文件\pb\src</Filter>
    </ClInclude>
    <ClInclude Include="pb\src\Qot_GetKL.pb.h">
      <Filter>源文件\pb\src</Filter>
    </ClInclude>
    <ClInclude Include="pb\src\Qot_GetOrderBook.pb.h">
      <Filter>源文件\pb\src</Filter>
    </ClInclude>
    <ClInclude Include="pb\src\Qot_GetPlateSecurity.pb.h">
      <Filter>源文件\pb\src</Filter>
    </ClInclude>
    <ClInclude Include="pb\src\Qot_GetPlateSet.pb.h">
      <Filter>源文件\pb\src</Filter>
    </ClInclude>
    <ClInclude Include="pb\src\Qot_GetReference.pb.h">
      <Filter>源文件\pb\src</Filter>
    </ClInclude>
    <ClInclude Include="pb\src\Qot_GetRehab.pb.h">
      <Filter>源文件\pb\src</Filter>
    </ClInclude>
    <ClInclude Include="pb\src\Qot_GetRT.pb.h">
      <Filter>源文件\pb\src</Filter>
    </ClInclude>
    <ClInclude Include="pb\src\Qot_GetSecuritySnapshot.pb.h">
      <Filter>源文件\pb\src</Filter>
    </ClInclude>
    <ClInclude Include="pb\src\Qot_GetStaticInfo.pb.h">
      <Filter>源文件\pb\src</Filter>
    </ClInclude>
    <ClInclude Include="pb\src\Qot_GetSubInfo.pb.h">
      <Filter>源文件\pb\src</Filter>
    </ClInclude>
    <ClInclude Include="pb\src\Qot_GetSuspend.pb.h">
      <Filter>源文件\pb\src</Filter>
    </ClInclude>
    <ClInclude Include="pb\src\Qot_GetTicker.pb.h">
      <Filter>源文件\pb\src</Filter>
    </ClInclude>
    <ClInclude Include="pb\src\Qot_GetTradeDate.pb.h">
      <Filter>源文件\pb\src</Filter>
    </ClInclude>
    <ClInclude Include="pb\src\Qot_RegQotPush.pb.h">
      <Filter>源文件\pb\src</Filter>
    </ClInclude>
    <ClInclude Include="pb\src\Qot_Sub.pb.h">
      <Filter>源文件\pb\src</Filter>
    </ClInclude>
    <ClInclude Include="pb\src\Qot_UpdateBasicQot.pb.h">
      <Filter>源文件\pb\src</Filter>
    </ClInclude>
    <ClInclude Include="pb\src\Qot_UpdateBroker.pb.h">
      <Filter>源文件\pb\src</Filter>
    </ClInclude>
    <ClInclude Include="pb\src\Qot_UpdateKL.pb.h">
      <Filter>源文件\pb\src</Filter>
    </ClInclude>
    <ClInclude Include="pb\src\Qot_UpdateOrderBook.pb.h">
      <Filter>源文件\pb\src</Filter>
    </ClInclude>
    <ClInclude Include="pb\src\Qot_UpdateRT.pb.h">
      <Filter>源文件\pb\src</Filter>
    </ClInclude>
    <ClInclude Include="pb\src\Qot_UpdateTicker.pb.h">
      <Filter>源文件\pb\src</Filter>
    </ClInclude>
    <ClInclude Include="pb\src\Trd_Common.pb.h">
      <Filter>源文件\pb\src</Filter>
    </ClInclude>
    <ClInclude Include="pb\src\Trd_GetAccList.pb.h">
      <Filter>源文件\pb\src</Filter>
    </ClInclude>
    <ClInclude Include="pb\src\Trd_GetFunds.pb.h">
      <Filter>源文件\pb\src</Filter>
    </ClInclude>
    <ClInclude Include="pb\src\Trd_GetHistoryOrderFillList.pb.h">
      <Filter>源文件\pb\src</Filter>
    </ClInclude>
    <ClInclude Include="pb\src\Trd_GetHistoryOrderList.pb.h">
      <Filter>源文件\pb\src</Filter>
    </ClInclude>
    <ClInclude Include="pb\src\Trd_GetMaxTrdQtys.pb.h">
      <Filter>源文件\pb\src</Filter>
    </ClInclude>
    <ClInclude Include="pb\src\Trd_GetOrderFillList.pb.h">
      <Filter>源文件\pb\src</Filter>
    </ClInclude>
    <ClInclude Include="pb\src\Trd_GetOrderList.pb.h">
      <Filter>源文件\pb\src</Filter>
    </ClInclude>
    <ClInclude Include="pb\src\Trd_GetPositionList.pb.h">
      <Filter>源文件\pb\src</Filter>
    </ClInclude>
    <ClInclude Include="pb\src\Trd_ModifyOrder.pb.h">
      <Filter>源文件\pb\src</Filter>
    </ClInclude>
    <ClInclude Include="pb\src\Trd_Notify.pb.h">
      <Filter>源文件\pb\src</Filter>
    </ClInclude>
    <ClInclude Include="pb\src\Trd_PlaceOrder.pb.h">
      <Filter>源文件\pb\src</Filter>
    </ClInclude>
    <ClInclude Include="pb\src\Trd_ReconfirmOrder.pb.h">
      <Filter>源文件\pb\src</Filter>
    </ClInclude>
    <ClInclude Include="pb\src\Trd_SubAccPush.pb.h">
      <Filter>源文件\pb\src</Filter>
    </ClInclude>
    <ClInclude Include="pb\src\Trd_UnlockTrade.pb.h">
      <Filter>源文件\pb\src</Filter>
    </ClInclude>
    <ClInclude Include="pb\src\Trd_UpdateOrder.pb.h">
      <Filter>源文件\pb\src</Filter>
    </ClInclude>
    <ClInclude Include="pb\src\Trd_UpdateOrderFill.pb.h">
      <Filter>源文件\pb\src</Filter>
    </ClInclude>
    <ClInclude Include="pb\src\Common.pb.h">
      <Filter>源文件\pb\src</Filter>
    </ClInclude>
    <ClInclude Include="pb\src\GetGlobalState.pb.h">
      <Filter>源文件\pb\src</Filter>
    </ClInclude>
    <ClInclude Include="pb\src\InitConnect.pb.h">
      <Filter>源文件\pb\src</Filter>
    </ClInclude>
    <ClInclude Include="pb\src\KeepAlive.pb.h">
      <Filter>源文件\pb\src</Filter>
    </ClInclude>
    <ClInclude Include="pb\pb_header.h">
      <Filter>源文件\pb</Filter>
    </ClInclude>
    <ClInclude Include="NetCenter.h">
      <Filter>头文件</Filter>
    </ClInclude>
    <ClInclude Include="QuoteHandler.h">
      <Filter>头文件</Filter>
    </ClInclude>
    <ClInclude Include="SHA1.h">
      <Filter>头文件</Filter>
    </ClInclude>
    <ClInclude Include="TcpConnect.h">
      <Filter>头文件</Filter>
    </ClInclude>
    <ClInclude Include="Common.h">
      <Filter>头文件</Filter>
    </ClInclude>
    <ClInclude Include="DebugLog.h">
      <Filter>头文件</Filter>
    </ClInclude>
    <ClInclude Include="myrsa.h">
      <Filter>头文件</Filter>
    </ClInclude>
    <ClInclude Include="myaes.h">
      <Filter>头文件</Filter>
    </ClInclude>
    <ClInclude Include="IProtoHandler.h">
      <Filter>头文件</Filter>
    </ClInclude>
    <ClInclude Include="ITcpHandler.h">
      <Filter>头文件</Filter>
    </ClInclude>
    <ClInclude Include="Buffer.h">
      <Filter>头文件</Filter>
    </ClInclude>
  </ItemGroup>
  <ItemGroup>
    <None Include="pb\proto\Qot_Common.proto">
      <Filter>源文件\pb\proto</Filter>
    </None>
    <None Include="pb\proto\Qot_GetBasicQot.proto">
      <Filter>源文件\pb\proto</Filter>
    </None>
    <None Include="pb\proto\Qot_GetBroker.proto">
      <Filter>源文件\pb\proto</Filter>
    </None>
    <None Include="pb\proto\Qot_GetHistoryKL.proto">
      <Filter>源文件\pb\proto</Filter>
    </None>
    <None Include="pb\proto\Qot_GetHistoryKLPoints.proto">
      <Filter>源文件\pb\proto</Filter>
    </None>
    <None Include="pb\proto\Qot_GetKL.proto">
      <Filter>源文件\pb\proto</Filter>
    </None>
    <None Include="pb\proto\Qot_GetOrderBook.proto">
      <Filter>源文件\pb\proto</Filter>
    </None>
    <None Include="pb\proto\Qot_GetPlateSecurity.proto">
      <Filter>源文件\pb\proto</Filter>
    </None>
    <None Include="pb\proto\Qot_GetPlateSet.proto">
      <Filter>源文件\pb\proto</Filter>
    </None>
    <None Include="pb\proto\Qot_GetReference.proto">
      <Filter>源文件\pb\proto</Filter>
    </None>
    <None Include="pb\proto\Qot_GetRehab.proto">
      <Filter>源文件\pb\proto</Filter>
    </None>
    <None Include="pb\proto\Qot_GetRT.proto">
      <Filter>源文件\pb\proto</Filter>
    </None>
    <None Include="pb\proto\Qot_GetSecuritySnapshot.proto">
      <Filter>源文件\pb\proto</Filter>
    </None>
    <None Include="pb\proto\Qot_GetStaticInfo.proto">
      <Filter>源文件\pb\proto</Filter>
    </None>
    <None Include="pb\proto\Qot_GetSubInfo.proto">
      <Filter>源文件\pb\proto</Filter>
    </None>
    <None Include="pb\proto\Qot_GetSuspend.proto">
      <Filter>源文件\pb\proto</Filter>
    </None>
    <None Include="pb\proto\Qot_GetTicker.proto">
      <Filter>源文件\pb\proto</Filter>
    </None>
    <None Include="pb\proto\Qot_GetTradeDate.proto">
      <Filter>源文件\pb\proto</Filter>
    </None>
    <None Include="pb\proto\Qot_RegQotPush.proto">
      <Filter>源文件\pb\proto</Filter>
    </None>
    <None Include="pb\proto\Qot_Sub.proto">
      <Filter>源文件\pb\proto</Filter>
    </None>
    <None Include="pb\proto\Qot_UpdateBasicQot.proto">
      <Filter>源文件\pb\proto</Filter>
    </None>
    <None Include="pb\proto\Qot_UpdateBroker.proto">
      <Filter>源文件\pb\proto</Filter>
    </None>
    <None Include="pb\proto\Qot_UpdateKL.proto">
      <Filter>源文件\pb\proto</Filter>
    </None>
    <None Include="pb\proto\Qot_UpdateOrderBook.proto">
      <Filter>源文件\pb\proto</Filter>
    </None>
    <None Include="pb\proto\Qot_UpdateRT.proto">
      <Filter>源文件\pb\proto</Filter>
    </None>
    <None Include="pb\proto\Qot_UpdateTicker.proto">
      <Filter>源文件\pb\proto</Filter>
    </None>
    <None Include="pb\proto\Trd_Common.proto">
      <Filter>源文件\pb\proto</Filter>
    </None>
    <None Include="pb\proto\Trd_GetAccList.proto">
      <Filter>源文件\pb\proto</Filter>
    </None>
    <None Include="pb\proto\Trd_GetFunds.proto">
      <Filter>源文件\pb\proto</Filter>
    </None>
    <None Include="pb\proto\Trd_GetHistoryOrderFillList.proto">
      <Filter>源文件\pb\proto</Filter>
    </None>
    <None Include="pb\proto\Trd_GetHistoryOrderList.proto">
      <Filter>源文件\pb\proto</Filter>
    </None>
    <None Include="pb\proto\Trd_GetMaxTrdQtys.proto">
      <Filter>源文件\pb\proto</Filter>
    </None>
    <None Include="pb\proto\Trd_GetOrderFillList.proto">
      <Filter>源文件\pb\proto</Filter>
    </None>
    <None Include="pb\proto\Trd_GetOrderList.proto">
      <Filter>源文件\pb\proto</Filter>
    </None>
    <None Include="pb\proto\Trd_GetPositionList.proto">
      <Filter>源文件\pb\proto</Filter>
    </None>
    <None Include="pb\proto\Trd_ModifyOrder.proto">
      <Filter>源文件\pb\proto</Filter>
    </None>
    <None Include="pb\proto\Trd_Notify.proto">
      <Filter>源文件\pb\proto</Filter>
    </None>
    <None Include="pb\proto\Trd_PlaceOrder.proto">
      <Filter>源文件\pb\proto</Filter>
    </None>
    <None Include="pb\proto\Trd_ReconfirmOrder.proto">
      <Filter>源文件\pb\proto</Filter>
    </None>
    <None Include="pb\proto\Trd_SubAccPush.proto">
      <Filter>源文件\pb\proto</Filter>
    </None>
    <None Include="pb\proto\Trd_UnlockTrade.proto">
      <Filter>源文件\pb\proto</Filter>
    </None>
    <None Include="pb\proto\Trd_UpdateOrder.proto">
      <Filter>源文件\pb\proto</Filter>
    </None>
    <None Include="pb\proto\Trd_UpdateOrderFill.proto">
      <Filter>源文件\pb\proto</Filter>
    </None>
    <None Include="pb\proto\Common.proto">
      <Filter>源文件\pb\proto</Filter>
    </None>
    <None Include="pb\proto\GetGlobalState.proto">
      <Filter>源文件\pb\proto</Filter>
    </None>
    <None Include="pb\proto\InitConnect.proto">
      <Filter>源文件\pb\proto</Filter>
    </None>
    <None Include="pb\proto\KeepAlive.proto">
      <Filter>源文件\pb\proto</Filter>
    </None>
    <None Include="pb\proto\Notify.proto">
      <Filter>源文件\pb\proto</Filter>
    </None>
    <None Include="pb\protoc.bat">
      <Filter>源文件\pb</Filter>
    </None>
  </ItemGroup>
</Project>